
Microsoft Visual Studio Solution File, Format Version 12.00
# Visual Studio Version 17
VisualStudioVersion = 17.3.32901.215
MinimumVisualStudioVersion = 10.0.40219.1
Project("{9A19103F-16F7-4668-BE54-9A1E7A4F7556}") = "TestProject1", "TestProject1\TestProject1.csproj", "{A11CCA9E-AFF9-4F4F-BE0C-BA958A02CAB3}"
EndProject
Project("{9A19103F-16F7-4668-BE54-9A1E7A4F7556}") = "Data", "Data\Data.csproj", "{387EA651-7894-44A0-B909-7BBD47858EAF}"
EndProject
Project("{9A19103F-16F7-4668-BE54-9A1E7A4F7556}") = "Model", "Model\Model.csproj", "{EB8D8F4B-9E00-4808-BE56-D7C35BFFBD4E}"
EndProject
Project("{9A19103F-16F7-4668-BE54-9A1E7A4F7556}") = "Service", "Service\Service.csproj", "{EFB1115D-BB2C-4554-8ED4-DB1CFF7EBA8A}"
EndProject
Project("{FAE04EC0-301F-11D3-BF4B-00C04F79EFBC}") = "WebApplication1", "WebApplication1\WebApplication1.csproj", "{88743369-A878-439E-A437-217D629A8B14}"
EndProject
Global
	GlobalSection(SolutionConfigurationPlatforms) = preSolution
		Debug|Any CPU = Debug|Any CPU
		Release|Any CPU = Release|Any CPU
	EndGlobalSection
	GlobalSection(ProjectConfigurationPlatforms) = postSolution
		{A11CCA9E-AFF9-4F4F-BE0C-BA958A02CAB3}.Debug|Any CPU.ActiveCfg = Debug|Any CPU
		{A11CCA9E-AFF9-4F4F-BE0C-BA958A02CAB3}.Debug|Any CPU.Build.0 = Debug|Any CPU
		{A11CCA9E-AFF9-4F4F-BE0C-BA958A02CAB3}.Release|Any CPU.ActiveCfg = Release|Any CPU
		{A11CCA9E-AFF9-4F4F-BE0C-BA958A02CAB3}.Release|Any CPU.Build.0 = Release|Any CPU
		{387EA651-7894-44A0-B909-7BBD47858EAF}.Debug|Any CPU.ActiveCfg = Debug|Any CPU
		{387EA651-7894-44A0-B909-7BBD47858EAF}.Debug|Any CPU.Build.0 = Debug|Any CPU
		{387EA651-7894-44A0-B909-7BBD47858EAF}.Release|Any CPU.ActiveCfg = Release|Any CPU
		{387EA651-7894-44A0-B909-7BBD47858EAF}.Release|Any CPU.Build.0 = Release|Any CPU
		{EB8D8F4B-9E00-4808-BE56-D7C35BFFBD4E}.Debug|Any CPU.ActiveCfg = Debug|Any CPU
		{EB8D8F4B-9E00-4808-BE56-D7C35BFFBD4E}.Debug|Any CPU.Build.0 = Debug|Any CPU
		{EB8D8F4B-9E00-4808-BE56-D7C35BFFBD4E}.Release|Any CPU.ActiveCfg = Release|Any CPU
		{EB8D8F4B-9E00-4808-BE56-D7C35BFFBD4E}.Release|Any CPU.Build.0 = Release|Any CPU
		{EFB1115D-BB2C-4554-8ED4-DB1CFF7EBA8A}.Debug|Any CPU.ActiveCfg = Debug|Any CPU
		{EFB1115D-BB2C-4554-8ED4-DB1CFF7EBA8A}.Debug|Any CPU.Build.0 = Debug|Any CPU
		{EFB1115D-BB2C-4554-8ED4-DB1CFF7EBA8A}.Release|Any CPU.ActiveCfg = Release|Any CPU
		{EFB1115D-BB2C-4554-8ED4-DB1CFF7EBA8A}.Release|Any CPU.Build.0 = Release|Any CPU
		{88743369-A878-439E-A437-217D629A8B14}.Debug|Any CPU.ActiveCfg = Debug|Any CPU
		{88743369-A878-439E-A437-217D629A8B14}.Debug|Any CPU.Build.0 = Debug|Any CPU
		{88743369-A878-439E-A437-217D629A8B14}.Release|Any CPU.ActiveCfg = Release|Any CPU
		{88743369-A878-439E-A437-217D629A8B14}.Release|Any CPU.Build.0 = Release|Any CPU
	EndGlobalSection
	GlobalSection(SolutionProperties) = preSolution
		HideSolutionNode = FALSE
	EndGlobalSection
	GlobalSection(ExtensibilityGlobals) = postSolution
		SolutionGuid = {3D5BBD07-9A8A-45D6-8573-51C2205A6335}
	EndGlobalSection
EndGlobal
